
Microsoft Visual Studio Solution File, Format Version 12.00
# Visual Studio Version 17
VisualStudioVersion = 17.3.32929.385
MinimumVisualStudioVersion = 10.0.40219.1
Project("{FAE04EC0-301F-11D3-BF4B-00C04F79EFBC}") = "consoleTest", "consoleTest.csproj", "{927EEB32-6041-431F-9555-3A4AFE21644A}"
EndProject
Global
	GlobalSection(SolutionConfigurationPlatforms) = preSolution
		Debug|Any CPU = Debug|Any CPU
		Release|Any CPU = Release|Any CPU
	EndGlobalSection
	GlobalSection(ProjectConfigurationPlatforms) = postSolution
		{927EEB32-6041-431F-9555-3A4AFE21644A}.Debug|Any CPU.ActiveCfg = Debug|Any CPU
		{927EEB32-6041-431F-9555-3A4AFE21644A}.Debug|Any CPU.Build.0 = Debug|Any CPU
		{927EEB32-6041-431F-9555-3A4AFE21644A}.Release|Any CPU.ActiveCfg = Release|Any CPU
		{927EEB32-6041-431F-9555-3A4AFE21644A}.Release|Any CPU.Build.0 = Release|Any CPU
	EndGlobalSection
	GlobalSection(SolutionProperties) = preSolution
		HideSolutionNode = FALSE
	EndGlobalSection
	GlobalSection(ExtensibilityGlobals) = postSolution
		SolutionGuid = {D9303A8E-23B4-4094-9780-B99CCE20766C}
	EndGlobalSection
EndGlobal
